
Microsoft Visual Studio Solution File, Format Version 12.00
# Visual Studio Version 17
VisualStudioVersion = 17.0.31903.59
MinimumVisualStudioVersion = 10.0.40219.1
Project("{2150E333-8FDC-42A3-9474-1A3956D46DE8}") = "src", "src", "{827E0CD3-B72D-47B6-A68D-7590B98EB39B}"
EndProject
Project("{FAE04EC0-301F-11D3-BF4B-00C04F79EFBC}") = "Smdb.Core", "src\Smdb.Core\Smdb.Core.csproj", "{39AE0214-66A2-4269-9DC3-FF05F43C002D}"
EndProject
Project("{2150E333-8FDC-42A3-9474-1A3956D46DE8}") = "tests", "tests", "{0AB3BF05-4346-4AA6-1389-037BE0695223}"
EndProject
Project("{FAE04EC0-301F-11D3-BF4B-00C04F79EFBC}") = "Smdb.Core.Test", "tests\Smdb.Core.Test\Smdb.Core.Test.csproj", "{41018E00-6B4C-465E-A6A8-246E435D699A}"
EndProject
Project("{FAE04EC0-301F-11D3-BF4B-00C04F79EFBC}") = "Shared", "..\SharedLibrary\src\Shared\Shared.csproj", "{DBCA09F4-5E2B-4D71-A84C-911DEE2A1B81}"
EndProject
Project("{FAE04EC0-301F-11D3-BF4B-00C04F79EFBC}") = "Smdb.Api", "src\Smdb.Api\Smdb.Api.csproj", "{82774332-C65F-482B-BB1A-F5757860C364}"
EndProject
Project("{FAE04EC0-301F-11D3-BF4B-00C04F79EFBC}") = "Smdb.Api.Test", "tests\Smdb.Api.Test\Smdb.Api.Test.csproj", "{D656411F-0C92-4ED8-AD4D-ECFE201A3AFB}"
EndProject
Global
	GlobalSection(SolutionConfigurationPlatforms) = preSolution
		Debug|Any CPU = Debug|Any CPU
		Debug|x64 = Debug|x64
		Debug|x86 = Debug|x86
		Release|Any CPU = Release|Any CPU
		Release|x64 = Release|x64
		Release|x86 = Release|x86
	EndGlobalSection
	GlobalSection(ProjectConfigurationPlatforms) = postSolution
		{39AE0214-66A2-4269-9DC3-FF05F43C002D}.Debug|Any CPU.ActiveCfg = Debug|Any CPU
		{39AE0214-66A2-4269-9DC3-FF05F43C002D}.Debug|Any CPU.Build.0 = Debug|Any CPU
		{39AE0214-66A2-4269-9DC3-FF05F43C002D}.Debug|x64.ActiveCfg = Debug|Any CPU
		{39AE0214-66A2-4269-9DC3-FF05F43C002D}.Debug|x64.Build.0 = Debug|Any CPU
		{39AE0214-66A2-4269-9DC3-FF05F43C002D}.Debug|x86.ActiveCfg = Debug|Any CPU
		{39AE0214-66A2-4269-9DC3-FF05F43C002D}.Debug|x86.Build.0 = Debug|Any CPU
		{39AE0214-66A2-4269-9DC3-FF05F43C002D}.Release|Any CPU.ActiveCfg = Release|Any CPU
		{39AE0214-66A2-4269-9DC3-FF05F43C002D}.Release|Any CPU.Build.0 = Release|Any CPU
		{39AE0214-66A2-4269-9DC3-FF05F43C002D}.Release|x64.ActiveCfg = Release|Any CPU
		{39AE0214-66A2-4269-9DC3-FF05F43C002D}.Release|x64.Build.0 = Release|Any CPU
		{39AE0214-66A2-4269-9DC3-FF05F43C002D}.Release|x86.ActiveCfg = Release|Any CPU
		{39AE0214-66A2-4269-9DC3-FF05F43C002D}.Release|x86.Build.0 = Release|Any CPU
		{41018E00-6B4C-465E-A6A8-246E435D699A}.Debug|Any CPU.ActiveCfg = Debug|Any CPU
		{41018E00-6B4C-465E-A6A8-246E435D699A}.Debug|Any CPU.Build.0 = Debug|Any CPU
		{41018E00-6B4C-465E-A6A8-246E435D699A}.Debug|x64.ActiveCfg = Debug|Any CPU
		{41018E00-6B4C-465E-A6A8-246E435D699A}.Debug|x64.Build.0 = Debug|Any CPU
		{41018E00-6B4C-465E-A6A8-246E435D699A}.Debug|x86.ActiveCfg = Debug|Any CPU
		{41018E00-6B4C-465E-A6A8-246E435D699A}.Debug|x86.Build.0 = Debug|Any CPU
		{41018E00-6B4C-465E-A6A8-246E435D699A}.Release|Any CPU.ActiveCfg = Release|Any CPU
		{41018E00-6B4C-465E-A6A8-246E435D699A}.Release|Any CPU.Build.0 = Release|Any CPU
		{41018E00-6B4C-465E-A6A8-246E435D699A}.Release|x64.ActiveCfg = Release|Any CPU
		{41018E00-6B4C-465E-A6A8-246E435D699A}.Release|x64.Build.0 = Release|Any CPU
		{41018E00-6B4C-465E-A6A8-246E435D699A}.Release|x86.ActiveCfg = Release|Any CPU
		{41018E00-6B4C-465E-A6A8-246E435D699A}.Release|x86.Build.0 = Release|Any CPU
		{DBCA09F4-5E2B-4D71-A84C-911DEE2A1B81}.Debug|Any CPU.ActiveCfg = Debug|Any CPU
		{DBCA09F4-5E2B-4D71-A84C-911DEE2A1B81}.Debug|Any CPU.Build.0 = Debug|Any CPU
		{DBCA09F4-5E2B-4D71-A84C-911DEE2A1B81}.Debug|x64.ActiveCfg = Debug|Any CPU
		{DBCA09F4-5E2B-4D71-A84C-911DEE2A1B81}.Debug|x64.Build.0 = Debug|Any CPU
		{DBCA09F4-5E2B-4D71-A84C-911DEE2A1B81}.Debug|x86.ActiveCfg = Debug|Any CPU
		{DBCA09F4-5E2B-4D71-A84C-911DEE2A1B81}.Debug|x86.Build.0 = Debug|Any CPU
		{DBCA09F4-5E2B-4D71-A84C-911DEE2A1B81}.Release|Any CPU.ActiveCfg = Release|Any CPU
		{DBCA09F4-5E2B-4D71-A84C-911DEE2A1B81}.Release|Any CPU.Build.0 = Release|Any CPU
		{DBCA09F4-5E2B-4D71-A84C-911DEE2A1B81}.Release|x64.ActiveCfg = Release|Any CPU
		{DBCA09F4-5E2B-4D71-A84C-911DEE2A1B81}.Release|x64.Build.0 = Release|Any CPU
		{DBCA09F4-5E2B-4D71-A84C-911DEE2A1B81}.Release|x86.ActiveCfg = Release|Any CPU
		{DBCA09F4-5E2B-4D71-A84C-911DEE2A1B81}.Release|x86.Build.0 = Release|Any CPU
		{82774332-C65F-482B-BB1A-F5757860C364}.Debug|Any CPU.ActiveCfg = Debug|Any CPU
		{82774332-C65F-482B-BB1A-F5757860C364}.Debug|Any CPU.Build.0 = Debug|Any CPU
		{82774332-C65F-482B-BB1A-F5757860C364}.Debug|x64.ActiveCfg = Debug|Any CPU
		{82774332-C65F-482B-BB1A-F5757860C364}.Debug|x64.Build.0 = Debug|Any CPU
		{82774332-C65F-482B-BB1A-F5757860C364}.Debug|x86.ActiveCfg = Debug|Any CPU
		{82774332-C65F-482B-BB1A-F5757860C364}.Debug|x86.Build.0 = Debug|Any CPU
		{82774332-C65F-482B-BB1A-F5757860C364}.Release|Any CPU.ActiveCfg = Release|Any CPU
		{82774332-C65F-482B-BB1A-F5757860C364}.Release|Any CPU.Build.0 = Release|Any CPU
		{82774332-C65F-482B-BB1A-F5757860C364}.Release|x64.ActiveCfg = Release|Any CPU
		{82774332-C65F-482B-BB1A-F5757860C364}.Release|x64.Build.0 = Release|Any CPU
		{82774332-C65F-482B-BB1A-F5757860C364}.Release|x86.ActiveCfg = Release|Any CPU
		{82774332-C65F-482B-BB1A-F5757860C364}.Release|x86.Build.0 = Release|Any CPU
		{D656411F-0C92-4ED8-AD4D-ECFE201A3AFB}.Debug|Any CPU.ActiveCfg = Debug|Any CPU
		{D656411F-0C92-4ED8-AD4D-ECFE201A3AFB}.Debug|Any CPU.Build.0 = Debug|Any CPU
		{D656411F-0C92-4ED8-AD4D-ECFE201A3AFB}.Debug|x64.ActiveCfg = Debug|Any CPU
		{D656411F-0C92-4ED8-AD4D-ECFE201A3AFB}.Debug|x64.Build.0 = Debug|Any CPU
		{D656411F-0C92-4ED8-AD4D-ECFE201A3AFB}.Debug|x86.ActiveCfg = Debug|Any CPU
		{D656411F-0C92-4ED8-AD4D-ECFE201A3AFB}.Debug|x86.Build.0 = Debug|Any CPU
		{D656411F-0C92-4ED8-AD4D-ECFE201A3AFB}.Release|Any CPU.ActiveCfg = Release|Any CPU
		{D656411F-0C92-4ED8-AD4D-ECFE201A3AFB}.Release|Any CPU.Build.0 = Release|Any CPU
		{D656411F-0C92-4ED8-AD4D-ECFE201A3AFB}.Release|x64.ActiveCfg = Release|Any CPU
		{D656411F-0C92-4ED8-AD4D-ECFE201A3AFB}.Release|x64.Build.0 = Release|Any CPU
		{D656411F-0C92-4ED8-AD4D-ECFE201A3AFB}.Release|x86.ActiveCfg = Release|Any CPU
		{D656411F-0C92-4ED8-AD4D-ECFE201A3AFB}.Release|x86.Build.0 = Release|Any CPU
	EndGlobalSection
	GlobalSection(SolutionProperties) = preSolution
		HideSolutionNode = FALSE
	EndGlobalSection
	GlobalSection(NestedProjects) = preSolution
		{39AE0214-66A2-4269-9DC3-FF05F43C002D} = {827E0CD3-B72D-47B6-A68D-7590B98EB39B}
		{41018E00-6B4C-465E-A6A8-246E435D699A} = {0AB3BF05-4346-4AA6-1389-037BE0695223}
		{82774332-C65F-482B-BB1A-F5757860C364} = {827E0CD3-B72D-47B6-A68D-7590B98EB39B}
		{D656411F-0C92-4ED8-AD4D-ECFE201A3AFB} = {0AB3BF05-4346-4AA6-1389-037BE0695223}
	EndGlobalSection
EndGlobal
